
Microsoft Visual Studio Solution File, Format Version 12.00
# Visual Studio Version 17
VisualStudioVersion = 17.9.34622.214
MinimumVisualStudioVersion = 10.0.40219.1
Project("{FAE04EC0-301F-11D3-BF4B-00C04F79EFBC}") = "RainFall Net API", "RainFall Net API\RainFall Net API.csproj", "{C1255A67-E896-47D5-B16E-43EE62E3192B}"
EndProject
Global
	GlobalSection(SolutionConfigurationPlatforms) = preSolution
		Debug|Any CPU = Debug|Any CPU
		Release|Any CPU = Release|Any CPU
	EndGlobalSection
	GlobalSection(ProjectConfigurationPlatforms) = postSolution
		{C1255A67-E896-47D5-B16E-43EE62E3192B}.Debug|Any CPU.ActiveCfg = Debug|Any CPU
		{C1255A67-E896-47D5-B16E-43EE62E3192B}.Debug|Any CPU.Build.0 = Debug|Any CPU
		{C1255A67-E896-47D5-B16E-43EE62E3192B}.Release|Any CPU.ActiveCfg = Release|Any CPU
		{C1255A67-E896-47D5-B16E-43EE62E3192B}.Release|Any CPU.Build.0 = Release|Any CPU
	EndGlobalSection
	GlobalSection(SolutionProperties) = preSolution
		HideSolutionNode = FALSE
	EndGlobalSection
	GlobalSection(ExtensibilityGlobals) = postSolution
		SolutionGuid = {07462A44-1EF5-47EC-BA4F-9DCF73E65FF5}
	EndGlobalSection
EndGlobal
